
Microsoft Visual Studio Solution File, Format Version 12.00
# Visual Studio Version 16
VisualStudioVersion = 16.0.31624.102
MinimumVisualStudioVersion = 10.0.40219.1
Project("{FAE04EC0-301F-11D3-BF4B-00C04F79EFBC}") = "Module16Practice", "Module16Practice\Module16Practice.csproj", "{6A82B6FB-1D75-4BB6-ADBB-6136D2D8D508}"
EndProject
Project("{FAE04EC0-301F-11D3-BF4B-00C04F79EFBC}") = "Module16Practice.Tests", "Module16Practice.Tests\Module16Practice.Tests.csproj", "{E7CB50E7-E015-4361-BF39-18545A4DAD66}"
EndProject
Global
	GlobalSection(SolutionConfigurationPlatforms) = preSolution
		Debug|Any CPU = Debug|Any CPU
		Release|Any CPU = Release|Any CPU
	EndGlobalSection
	GlobalSection(ProjectConfigurationPlatforms) = postSolution
		{6A82B6FB-1D75-4BB6-ADBB-6136D2D8D508}.Debug|Any CPU.ActiveCfg = Debug|Any CPU
		{6A82B6FB-1D75-4BB6-ADBB-6136D2D8D508}.Debug|Any CPU.Build.0 = Debug|Any CPU
		{6A82B6FB-1D75-4BB6-ADBB-6136D2D8D508}.Release|Any CPU.ActiveCfg = Release|Any CPU
		{6A82B6FB-1D75-4BB6-ADBB-6136D2D8D508}.Release|Any CPU.Build.0 = Release|Any CPU
		{E7CB50E7-E015-4361-BF39-18545A4DAD66}.Debug|Any CPU.ActiveCfg = Debug|Any CPU
		{E7CB50E7-E015-4361-BF39-18545A4DAD66}.Debug|Any CPU.Build.0 = Debug|Any CPU
		{E7CB50E7-E015-4361-BF39-18545A4DAD66}.Release|Any CPU.ActiveCfg = Release|Any CPU
		{E7CB50E7-E015-4361-BF39-18545A4DAD66}.Release|Any CPU.Build.0 = Release|Any CPU
	EndGlobalSection
	GlobalSection(SolutionProperties) = preSolution
		HideSolutionNode = FALSE
	EndGlobalSection
	GlobalSection(ExtensibilityGlobals) = postSolution
		SolutionGuid = {97FE807C-FB10-4F2F-B6C4-3DE44FF29A41}
	EndGlobalSection
EndGlobal
